// !$*UTF8*$!
{
	archiveVersion = 1;
	classes = {
	};
	objectVersion = 77;
	objects = {

/* Begin PBXContainerItemProxy section */
		E18D16E12F64071E00577D4D /* PBXContainerItemProxy */ = {
			isa = PBXContainerItemProxy;
			containerPortal = E18D16CB2F64071D00577D4D /* Project object */;
			proxyType = 1;
			remoteGlobalIDString = E18D16D22F64071D00577D4D;
			remoteInfo = Dumpy;
		};
		E18D16EB2F64071E00577D4D /* PBXContainerItemProxy */ = {
			isa = PBXContainerItemProxy;
			containerPortal = E18D16CB2F64071D00577D4D /* Project object */;
			proxyType = 1;
			remoteGlobalIDString = E18D16D22F64071D00577D4D;
			remoteInfo = Dumpy;
		};
/* End PBXContainerItemProxy section */

/* Begin PBXFileReference section */
		6974A441AF44738364BB0B7B /* swift_types.h */ = {isa = PBXFileReference; lastKnownFileType = sourcecode.c.h; path = swift_types.h; sourceTree = "<group>"; };
		2C5A89458A0DA3F82BFE4228 /* swift_parser.h */ = {isa = PBXFileReference; lastKnownFileType = sourcecode.c.h; path = swift_parser.h; sourceTree = "<group>"; };
		E54BD561C4B9B8D79DFB00FA /* swift_formatter.h */ = {isa = PBXFileReference; lastKnownFileType = sourcecode.c.h; path = swift_formatter.h; sourceTree = "<group>"; };
		4D7B2D545437EF507846DB3C /* swift_parser.c */ = {isa = PBXFileReference; lastKnownFileType = sourcecode.c.c; path = swift_parser.c; sourceTree = "<group>"; };
		8CB71466F3C1C382076201A4 /* swift_formatter.c */ = {isa = PBXFileReference; lastKnownFileType = sourcecode.c.c; path = swift_formatter.c; sourceTree = "<group>"; };
		A959A1F69EBFDDDF08FC87CE /* SwiftTypeListView.swift */ = {isa = PBXFileReference; lastKnownFileType = sourcecode.swift; path = SwiftTypeListView.swift; sourceTree = "<group>"; };
		DB57165DA9E5B91F0AF2237D /* SwiftTypeDetailView.swift */ = {isa = PBXFileReference; lastKnownFileType = sourcecode.swift; path = SwiftTypeDetailView.swift; sourceTree = "<group>"; };

		E18D16D32F64071D00577D4D /* Dumpy.app */ = {isa = PBXFileReference; explicitFileType = wrapper.application; includeInIndex = 0; path = Dumpy.app; sourceTree = BUILT_PRODUCTS_DIR; };
		E18D16E02F64071E00577D4D /* DumpyTests.xctest */ = {isa = PBXFileReference; explicitFileType = wrapper.cfbundle; includeInIndex = 0; path = DumpyTests.xctest; sourceTree = BUILT_PRODUCTS_DIR; };
		E18D16EA2F64071E00577D4D /* DumpyUITests.xctest */ = {isa = PBXFileReference; explicitFileType = wrapper.cfbundle; includeInIndex = 0; path = DumpyUITests.xctest; sourceTree = BUILT_PRODUCTS_DIR; };
/* End PBXFileReference section */

/* Begin PBXFileSystemSynchronizedBuildFileExceptionSet section */
		E18D17002F64071D00577D4D /* Exceptions for "Dumpy" folder in "Dumpy" target */ = {
			isa = PBXFileSystemSynchronizedBuildFileExceptionSet;
			membershipExceptions = (
				Info.plist,
			);
			target = E18D16D22F64071D00577D4D /* Dumpy */;
		};
/* End PBXFileSystemSynchronizedBuildFileExceptionSet section */

/* Begin PBXFileSystemSynchronizedRootGroup section */
		E18D16D52F64071D00577D4D /* Dumpy */ = {
			isa = PBXFileSystemSynchronizedRootGroup;
			exceptions = (
				E18D17002F64071D00577D4D /* Exceptions for "Dumpy" folder in "Dumpy" target */,
			);
			path = Dumpy;
			sourceTree = "<group>";
		};
		E18D16E32F64071E00577D4D /* DumpyTests */ = {
			isa = PBXFileSystemSynchronizedRootGroup;
			path = DumpyTests;
			sourceTree = "<group>";
		};
		E18D16ED2F64071E00577D4D /* DumpyUITests */ = {
			isa = PBXFileSystemSynchronizedRootGroup;
			path = DumpyUITests;
			sourceTree = "<group>";
		};
/* End PBXFileSystemSynchronizedRootGroup section */

/* Begin PBXFrameworksBuildPhase section */
		E18D16D02F64071D00577D4D /* Frameworks */ = {
			isa = PBXFrameworksBuildPhase;
			buildActionMask = 2147483647;
			files = (
			);
			runOnlyForDeploymentPostprocessing = 0;
		};
		E18D16DD2F64071E00577D4D /* Frameworks */ = {
			isa = PBXFrameworksBuildPhase;
			buildActionMask = 2147483647;
			files = (
			);
			runOnlyForDeploymentPostprocessing = 0;
		};
		E18D16E72F64071E00577D4D /* Frameworks */ = {
			isa = PBXFrameworksBuildPhase;
			buildActionMask = 2147483647;
			files = (
			);
			runOnlyForDeploymentPostprocessing = 0;
		};
/* End PBXFrameworksBuildPhase section */

/* Begin PBXGroup section */
		4A288E1F4C825CFA1542EBF8 /* SwiftTypes */ = {
			isa = PBXGroup;
			children = (
				A959A1F69EBFDDDF08FC87CE /* SwiftTypeListView.swift */,
				DB57165DA9E5B91F0AF2237D /* SwiftTypeDetailView.swift */,
			);
			path = SwiftTypes;
			sourceTree = "<group>";
		};

		E18D16CA2F64071D00577D4D = {
			isa = PBXGroup;
			children = (
				E18D16D52F64071D00577D4D /* Dumpy */,
				E18D16E32F64071E00577D4D /* DumpyTests */,
				E18D16ED2F64071E00577D4D /* DumpyUITests */,
				E18D16D42F64071D00577D4D /* Products */,
			);
			sourceTree = "<group>";
		};
		E18D16D42F64071D00577D4D /* Products */ = {
			isa = PBXGroup;
			children = (
				E18D16D32F64071D00577D4D /* Dumpy.app */,
				E18D16E02F64071E00577D4D /* DumpyTests.xctest */,
				E18D16EA2F64071E00577D4D /* DumpyUITests.xctest */,
			);
			name = Products;
			sourceTree = "<group>";
		};
/* End PBXGroup section */

/* Begin PBXNativeTarget section */
		E18D16D22F64071D00577D4D /* Dumpy */ = {
			isa = PBXNativeTarget;
			buildConfigurationList = E18D16F42F64071E00577D4D /* Build configuration list for PBXNativeTarget "Dumpy" */;
			buildPhases = (
				E18D16CF2F64071D00577D4D /* Sources */,
				E18D16D02F64071D00577D4D /* Frameworks */,
				E18D16D12F64071D00577D4D /* Resources */,
			);
			buildRules = (
			);
			dependencies = (
			);
			fileSystemSynchronizedGroups = (
				E18D16D52F64071D00577D4D /* Dumpy */,
			);
			name = Dumpy;
			packageProductDependencies = (
			);
			productName = Dumpy;
			productReference = E18D16D32F64071D00577D4D /* Dumpy.app */;
			productType = "com.apple.product-type.application";
		};
		E18D16DF2F64071E00577D4D /* DumpyTests */ = {
			isa = PBXNativeTarget;
			buildConfigurationList = E18D16F72F64071E00577D4D /* Build configuration list for PBXNativeTarget "DumpyTests" */;
			buildPhases = (
				E18D16DC2F64071E00577D4D /* Sources */,
				E18D16DD2F64071E00577D4D /* Frameworks */,
				E18D16DE2F64071E00577D4D /* Resources */,
			);
			buildRules = (
			);
			dependencies = (
				E18D16E22F64071E00577D4D /* PBXTargetDependency */,
			);
			fileSystemSynchronizedGroups = (
				E18D16E32F64071E00577D4D /* DumpyTests */,
			);
			name = DumpyTests;
			packageProductDependencies = (
			);
			productName = DumpyTests;
			productReference = E18D16E02F64071E00577D4D /* DumpyTests.xctest */;
			productType = "com.apple.product-type.bundle.unit-test";
		};
		E18D16E92F64071E00577D4D /* DumpyUITests */ = {
			isa = PBXNativeTarget;
			buildConfigurationList = E18D16FA2F64071E00577D4D /* Build configuration list for PBXNativeTarget "DumpyUITests" */;
			buildPhases = (
				E18D16E62F64071E00577D4D /* Sources */,
				E18D16E72F64071E00577D4D /* Frameworks */,
				E18D16E82F64071E00577D4D /* Resources */,
			);
			buildRules = (
			);
			dependencies = (
				E18D16EC2F64071E00577D4D /* PBXTargetDependency */,
			);
			fileSystemSynchronizedGroups = (
				E18D16ED2F64071E00577D4D /* DumpyUITests */,
			);
			name = DumpyUITests;
			packageProductDependencies = (
			);
			productName = DumpyUITests;
			productReference = E18D16EA2F64071E00577D4D /* DumpyUITests.xctest */;
			productType = "com.apple.product-type.bundle.ui-testing";
		};
/* End PBXNativeTarget section */

/* Begin PBXProject section */
		E18D16CB2F64071D00577D4D /* Project object */ = {
			isa = PBXProject;
			attributes = {
				BuildIndependentTargetsInParallel = 1;
				LastSwiftUpdateCheck = 2630;
				LastUpgradeCheck = 2630;
				TargetAttributes = {
					E18D16D22F64071D00577D4D = {
						CreatedOnToolsVersion = 26.3;
					};
					E18D16DF2F64071E00577D4D = {
						CreatedOnToolsVersion = 26.3;
						TestTargetID = E18D16D22F64071D00577D4D;
					};
					E18D16E92F64071E00577D4D = {
						CreatedOnToolsVersion = 26.3;
						TestTargetID = E18D16D22F64071D00577D4D;
					};
				};
			};
			buildConfigurationList = E18D16CE2F64071D00577D4D /* Build configuration list for PBXProject "Dumpy" */;
			developmentRegion = en;
			hasScannedForEncodings = 0;
			knownRegions = (
				en,
				Base,
			);
			mainGroup = E18D16CA2F64071D00577D4D;
			minimizedProjectReferenceProxies = 1;
			preferredProjectObjectVersion = 77;
			productRefGroup = E18D16D42F64071D00577D4D /* Products */;
			projectDirPath = "";
			projectRoot = "";
			targets = (
				E18D16D22F64071D00577D4D /* Dumpy */,
				E18D16DF2F64071E00577D4D /* DumpyTests */,
				E18D16E92F64071E00577D4D /* DumpyUITests */,
			);
		};
/* End PBXProject section */

/* Begin PBXResourcesBuildPhase section */
		E18D16D12F64071D00577D4D /* Resources */ = {
			isa = PBXResourcesBuildPhase;
			buildActionMask = 2147483647;
			files = (
			);
			runOnlyForDeploymentPostprocessing = 0;
		};
		E18D16DE2F64071E00577D4D /* Resources */ = {
			isa = PBXResourcesBuildPhase;
			buildActionMask = 2147483647;
			files = (
			);
			runOnlyForDeploymentPostprocessing = 0;
		};
		E18D16E82F64071E00577D4D /* Resources */ = {
			isa = PBXResourcesBuildPhase;
			buildActionMask = 2147483647;
			files = (
			);
			runOnlyForDeploymentPostprocessing = 0;
		};
/* End PBXResourcesBuildPhase section */

/* Begin PBXSourcesBuildPhase section */
		E18D16CF2F64071D00577D4D /* Sources */ = {
			isa = PBXSourcesBuildPhase;
			buildActionMask = 2147483647;
			files = (
			);
			runOnlyForDeploymentPostprocessing = 0;
		};
		E18D16DC2F64071E00577D4D /* Sources */ = {
			isa = PBXSourcesBuildPhase;
			buildActionMask = 2147483647;
			files = (
			);
			runOnlyForDeploymentPostprocessing = 0;
		};
		E18D16E62F64071E00577D4D /* Sources */ = {
			isa = PBXSourcesBuildPhase;
			buildActionMask = 2147483647;
			files = (
			);
			runOnlyForDeploymentPostprocessing = 0;
		};
/* End PBXSourcesBuildPhase section */

/* Begin PBXTargetDependency section */
		E18D16E22F64071E00577D4D /* PBXTargetDependency */ = {
			isa = PBXTargetDependency;
			target = E18D16D22F64071D00577D4D /* Dumpy */;
			targetProxy = E18D16E12F64071E00577D4D /* PBXContainerItemProxy */;
		};
		E18D16EC2F64071E00577D4D /* PBXTargetDependency */ = {
			isa = PBXTargetDependency;
			target = E18D16D22F64071D00577D4D /* Dumpy */;
			targetProxy = E18D16EB2F64071E00577D4D /* PBXContainerItemProxy */;
		};
/* End PBXTargetDependency section */

/* Begin XCBuildConfiguration section */
		E18D16F22F64071E00577D4D /* Debug */ = {
			isa = XCBuildConfiguration;
			buildSettings = {
				ALWAYS_SEARCH_USER_PATHS = NO;
				ASSETCATALOG_COMPILER_GENERATE_SWIFT_ASSET_SYMBOL_EXTENSIONS = YES;
				CLANG_ANALYZER_NONNULL = YES;
				CLANG_ANALYZER_NUMBER_OBJECT_CONVERSION = YES_AGGRESSIVE;
				CLANG_CXX_LANGUAGE_STANDARD = "gnu++20";
				CLANG_ENABLE_MODULES = YES;
				CLANG_ENABLE_OBJC_ARC = YES;
				CLANG_ENABLE_OBJC_WEAK = YES;
				CLANG_WARN_BLOCK_CAPTURE_AUTORELEASING = YES;
				CLANG_WARN_BOOL_CONVERSION = YES;
				CLANG_WARN_COMMA = YES;
				CLANG_WARN_CONSTANT_CONVERSION = YES;
				CLANG_WARN_DEPRECATED_OBJC_IMPLEMENTATIONS = YES;
				CLANG_WARN_DIRECT_OBJC_ISA_USAGE = YES_ERROR;
				CLANG_WARN_DOCUMENTATION_COMMENTS = YES;
				CLANG_WARN_EMPTY_BODY = YES;
				CLANG_WARN_ENUM_CONVERSION = YES;
				CLANG_WARN_INFINITE_RECURSION = YES;
				CLANG_WARN_INT_CONVERSION = YES;
				CLANG_WARN_NON_LITERAL_NULL_CONVERSION = YES;
				CLANG_WARN_OBJC_IMPLICIT_RETAIN_SELF = YES;
				CLANG_WARN_OBJC_LITERAL_CONVERSION = YES;
				CLANG_WARN_OBJC_ROOT_CLASS = YES_ERROR;
				CLANG_WARN_QUOTED_INCLUDE_IN_FRAMEWORK_HEADER = YES;
				CLANG_WARN_RANGE_LOOP_ANALYSIS = YES;
				CLANG_WARN_STRICT_PROTOTYPES = YES;
				CLANG_WARN_SUSPICIOUS_MOVE = YES;
				CLANG_WARN_UNGUARDED_AVAILABILITY = YES_AGGRESSIVE;
				CLANG_WARN_UNREACHABLE_CODE = YES;
				CLANG_WARN__DUPLICATE_METHOD_MATCH = YES;
				COPY_PHASE_STRIP = NO;
				DEBUG_INFORMATION_FORMAT = dwarf;
				DEVELOPMENT_TEAM = 7LM8QL2H74;
				ENABLE_STRICT_OBJC_MSGSEND = YES;
				ENABLE_TESTABILITY = YES;
				ENABLE_USER_SCRIPT_SANDBOXING = YES;
				GCC_C_LANGUAGE_STANDARD = gnu17;
				GCC_DYNAMIC_NO_PIC = NO;
				GCC_NO_COMMON_BLOCKS = YES;
				GCC_OPTIMIZATION_LEVEL = 0;
				GCC_PREPROCESSOR_DEFINITIONS = (
					"DEBUG=1",
					"$(inherited)",
				);
				GCC_WARN_64_TO_32_BIT_CONVERSION = YES;
				GCC_WARN_ABOUT_RETURN_TYPE = YES_ERROR;
				GCC_WARN_UNDECLARED_SELECTOR = YES;
				GCC_WARN_UNINITIALIZED_AUTOS = YES_AGGRESSIVE;
				GCC_WARN_UNUSED_FUNCTION = YES;
				GCC_WARN_UNUSED_VARIABLE = YES;
				IPHONEOS_DEPLOYMENT_TARGET = 16.6;
				LOCALIZATION_PREFERS_STRING_CATALOGS = YES;
				MTL_ENABLE_DEBUG_INFO = INCLUDE_SOURCE;
				MTL_FAST_MATH = YES;
				ONLY_ACTIVE_ARCH = YES;
				SDKROOT = iphoneos;
				SWIFT_ACTIVE_COMPILATION_CONDITIONS = "DEBUG $(inherited)";
				SWIFT_OPTIMIZATION_LEVEL = "-Onone";
			};
			name = Debug;
		};
		E18D16F32F64071E00577D4D /* Release */ = {
			isa = XCBuildConfiguration;
			buildSettings = {
				ALWAYS_SEARCH_USER_PATHS = NO;
				ASSETCATALOG_COMPILER_GENERATE_SWIFT_ASSET_SYMBOL_EXTENSIONS = YES;
				CLANG_ANALYZER_NONNULL = YES;
				CLANG_ANALYZER_NUMBER_OBJECT_CONVERSION = YES_AGGRESSIVE;
				CLANG_CXX_LANGUAGE_STANDARD = "gnu++20";
				CLANG_ENABLE_MODULES = YES;
				CLANG_ENABLE_OBJC_ARC = YES;
				CLANG_ENABLE_OBJC_WEAK = YES;
				CLANG_WARN_BLOCK_CAPTURE_AUTORELEASING = YES;
				CLANG_WARN_BOOL_CONVERSION = YES;
				CLANG_WARN_COMMA = YES;
				CLANG_WARN_CONSTANT_CONVERSION = YES;
				CLANG_WARN_DEPRECATED_OBJC_IMPLEMENTATIONS = YES;
				CLANG_WARN_DIRECT_OBJC_ISA_USAGE = YES_ERROR;
				CLANG_WARN_DOCUMENTATION_COMMENTS = YES;
				CLANG_WARN_EMPTY_BODY = YES;
				CLANG_WARN_ENUM_CONVERSION = YES;
				CLANG_WARN_INFINITE_RECURSION = YES;
				CLANG_WARN_INT_CONVERSION = YES;
				CLANG_WARN_NON_LITERAL_NULL_CONVERSION = YES;
				CLANG_WARN_OBJC_IMPLICIT_RETAIN_SELF = YES;
				CLANG_WARN_OBJC_LITERAL_CONVERSION = YES;
				CLANG_WARN_OBJC_ROOT_CLASS = YES_ERROR;
				CLANG_WARN_QUOTED_INCLUDE_IN_FRAMEWORK_HEADER = YES;
				CLANG_WARN_RANGE_LOOP_ANALYSIS = YES;
				CLANG_WARN_STRICT_PROTOTYPES = YES;
				CLANG_WARN_SUSPICIOUS_MOVE = YES;
				CLANG_WARN_UNGUARDED_AVAILABILITY = YES_AGGRESSIVE;
				CLANG_WARN_UNREACHABLE_CODE = YES;
				CLANG_WARN__DUPLICATE_METHOD_MATCH = YES;
				COPY_PHASE_STRIP = NO;
				DEBUG_INFORMATION_FORMAT = "dwarf-with-dsym";
				DEVELOPMENT_TEAM = 7LM8QL2H74;
				ENABLE_NS_ASSERTIONS = NO;
				ENABLE_STRICT_OBJC_MSGSEND = YES;
				ENABLE_USER_SCRIPT_SANDBOXING = YES;
				GCC_C_LANGUAGE_STANDARD = gnu17;
				GCC_NO_COMMON_BLOCKS = YES;
				GCC_WARN_64_TO_32_BIT_CONVERSION = YES;
				GCC_WARN_ABOUT_RETURN_TYPE = YES_ERROR;
				GCC_WARN_UNDECLARED_SELECTOR = YES;
				GCC_WARN_UNINITIALIZED_AUTOS = YES_AGGRESSIVE;
				GCC_WARN_UNUSED_FUNCTION = YES;
				GCC_WARN_UNUSED_VARIABLE = YES;
				IPHONEOS_DEPLOYMENT_TARGET = 16.6;
				LOCALIZATION_PREFERS_STRING_CATALOGS = YES;
				MTL_ENABLE_DEBUG_INFO = NO;
				MTL_FAST_MATH = YES;
				SDKROOT = iphoneos;
				SWIFT_COMPILATION_MODE = wholemodule;
				VALIDATE_PRODUCT = YES;
			};
			name = Release;
		};
		E18D16F52F64071E00577D4D /* Debug */ = {
			isa = XCBuildConfiguration;
			buildSettings = {
				ASSETCATALOG_COMPILER_APPICON_NAME = AppIcon;
				ASSETCATALOG_COMPILER_GLOBAL_ACCENT_COLOR_NAME = AccentColor;
				CODE_SIGN_STYLE = Automatic;
				CURRENT_PROJECT_VERSION = 1;
				DEVELOPMENT_TEAM = 7LM8QL2H74;
				ENABLE_PREVIEWS = YES;
				GENERATE_INFOPLIST_FILE = YES;
				HEADER_SEARCH_PATHS = "$(SRCROOT)/Dumpy/CEngine/include";
				INFOPLIST_FILE = Dumpy/Info.plist;
				INFOPLIST_KEY_LSSupportsOpeningDocumentsInPlace = YES;
				INFOPLIST_KEY_UIApplicationSceneManifest_Generation = YES;
				INFOPLIST_KEY_UIApplicationSupportsIndirectInputEvents = YES;
				INFOPLIST_KEY_UIFileSharingEnabled = YES;
				INFOPLIST_KEY_UILaunchScreen_Generation = YES;
				INFOPLIST_KEY_UISupportedInterfaceOrientations_iPad = "UIInterfaceOrientationPortrait UIInterfaceOrientationPortraitUpsideDown UIInterfaceOrientationLandscapeLeft UIInterfaceOrientationLandscapeRight";
				INFOPLIST_KEY_UISupportedInterfaceOrientations_iPhone = "UIInterfaceOrientationPortrait UIInterfaceOrientationLandscapeLeft UIInterfaceOrientationLandscapeRight";
				IPHONEOS_DEPLOYMENT_TARGET = 16.6;
				LD_RUNPATH_SEARCH_PATHS = (
					"$(inherited)",
					"@executable_path/Frameworks",
				);
				MARKETING_VERSION = 1.0;
				PRODUCT_BUNDLE_IDENTIFIER = xyz.appinstall.nov.carbon;
				PRODUCT_NAME = "$(TARGET_NAME)";
				STRING_CATALOG_GENERATE_SYMBOLS = YES;
				SWIFT_APPROACHABLE_CONCURRENCY = YES;
				SWIFT_EMIT_LOC_STRINGS = YES;
				SWIFT_OBJC_BRIDGING_HEADER = "Dumpy/Bridge/Dumpy-Bridging-Header.h";
				SWIFT_UPCOMING_FEATURE_MEMBER_IMPORT_VISIBILITY = YES;
				SWIFT_VERSION = 5.0;
				TARGETED_DEVICE_FAMILY = "1,2";
			};
			name = Debug;
		};
		E18D16F62F64071E00577D4D /* Release */ = {
			isa = XCBuildConfiguration;
			buildSettings = {
				ASSETCATALOG_COMPILER_APPICON_NAME = AppIcon;
				ASSETCATALOG_COMPILER_GLOBAL_ACCENT_COLOR_NAME = AccentColor;
				CODE_SIGN_STYLE = Automatic;
				CURRENT_PROJECT_VERSION = 1;
				DEVELOPMENT_TEAM = 7LM8QL2H74;
				ENABLE_PREVIEWS = YES;
				GENERATE_INFOPLIST_FILE = YES;
				HEADER_SEARCH_PATHS = "$(SRCROOT)/Dumpy/CEngine/include";
				INFOPLIST_FILE = Dumpy/Info.plist;
				INFOPLIST_KEY_LSSupportsOpeningDocumentsInPlace = YES;
				INFOPLIST_KEY_UIApplicationSceneManifest_Generation = YES;
				INFOPLIST_KEY_UIApplicationSupportsIndirectInputEvents = YES;
				INFOPLIST_KEY_UIFileSharingEnabled = YES;
				INFOPLIST_KEY_UILaunchScreen_Generation = YES;
				INFOPLIST_KEY_UISupportedInterfaceOrientations_iPad = "UIInterfaceOrientationPortrait UIInterfaceOrientationPortraitUpsideDown UIInterfaceOrientationLandscapeLeft UIInterfaceOrientationLandscapeRight";
				INFOPLIST_KEY_UISupportedInterfaceOrientations_iPhone = "UIInterfaceOrientationPortrait UIInterfaceOrientationLandscapeLeft UIInterfaceOrientationLandscapeRight";
				IPHONEOS_DEPLOYMENT_TARGET = 16.6;
				LD_RUNPATH_SEARCH_PATHS = (
					"$(inherited)",
					"@executable_path/Frameworks",
				);
				MARKETING_VERSION = 1.0;
				PRODUCT_BUNDLE_IDENTIFIER = xyz.appinstall.nov.carbon;
				PRODUCT_NAME = "$(TARGET_NAME)";
				STRING_CATALOG_GENERATE_SYMBOLS = YES;
				SWIFT_APPROACHABLE_CONCURRENCY = YES;
				SWIFT_EMIT_LOC_STRINGS = YES;
				SWIFT_OBJC_BRIDGING_HEADER = "Dumpy/Bridge/Dumpy-Bridging-Header.h";
				SWIFT_UPCOMING_FEATURE_MEMBER_IMPORT_VISIBILITY = YES;
				SWIFT_VERSION = 5.0;
				TARGETED_DEVICE_FAMILY = "1,2";
			};
			name = Release;
		};
		E18D16F82F64071E00577D4D /* Debug */ = {
			isa = XCBuildConfiguration;
			buildSettings = {
				BUNDLE_LOADER = "$(TEST_HOST)";
				CODE_SIGN_STYLE = Automatic;
				CURRENT_PROJECT_VERSION = 1;
				DEVELOPMENT_TEAM = 7LM8QL2H74;
				GENERATE_INFOPLIST_FILE = YES;
				IPHONEOS_DEPLOYMENT_TARGET = 16.6;
				MARKETING_VERSION = 1.0;
				PRODUCT_BUNDLE_IDENTIFIER = com.jian.DumpyTests;
				PRODUCT_NAME = "$(TARGET_NAME)";
				STRING_CATALOG_GENERATE_SYMBOLS = NO;
				SWIFT_APPROACHABLE_CONCURRENCY = YES;
				SWIFT_EMIT_LOC_STRINGS = NO;
				SWIFT_UPCOMING_FEATURE_MEMBER_IMPORT_VISIBILITY = YES;
				SWIFT_VERSION = 5.0;
				TARGETED_DEVICE_FAMILY = "1,2";
				TEST_HOST = "$(BUILT_PRODUCTS_DIR)/Dumpy.app/$(BUNDLE_EXECUTABLE_FOLDER_PATH)/Dumpy";
			};
			name = Debug;
		};
		E18D16F92F64071E00577D4D /* Release */ = {
			isa = XCBuildConfiguration;
			buildSettings = {
				BUNDLE_LOADER = "$(TEST_HOST)";
				CODE_SIGN_STYLE = Automatic;
				CURRENT_PROJECT_VERSION = 1;
				DEVELOPMENT_TEAM = 7LM8QL2H74;
				GENERATE_INFOPLIST_FILE = YES;
				IPHONEOS_DEPLOYMENT_TARGET = 16.6;
				MARKETING_VERSION = 1.0;
				PRODUCT_BUNDLE_IDENTIFIER = com.jian.DumpyTests;
				PRODUCT_NAME = "$(TARGET_NAME)";
				STRING_CATALOG_GENERATE_SYMBOLS = NO;
				SWIFT_APPROACHABLE_CONCURRENCY = YES;
				SWIFT_EMIT_LOC_STRINGS = NO;
				SWIFT_UPCOMING_FEATURE_MEMBER_IMPORT_VISIBILITY = YES;
				SWIFT_VERSION = 5.0;
				TARGETED_DEVICE_FAMILY = "1,2";
				TEST_HOST = "$(BUILT_PRODUCTS_DIR)/Dumpy.app/$(BUNDLE_EXECUTABLE_FOLDER_PATH)/Dumpy";
			};
			name = Release;
		};
		E18D16FB2F64071E00577D4D /* Debug */ = {
			isa = XCBuildConfiguration;
			buildSettings = {
				CODE_SIGN_STYLE = Automatic;
				CURRENT_PROJECT_VERSION = 1;
				DEVELOPMENT_TEAM = 7LM8QL2H74;
				GENERATE_INFOPLIST_FILE = YES;
				MARKETING_VERSION = 1.0;
				PRODUCT_BUNDLE_IDENTIFIER = com.jian.DumpyUITests;
				PRODUCT_NAME = "$(TARGET_NAME)";
				STRING_CATALOG_GENERATE_SYMBOLS = NO;
				SWIFT_APPROACHABLE_CONCURRENCY = YES;
				SWIFT_EMIT_LOC_STRINGS = NO;
				SWIFT_UPCOMING_FEATURE_MEMBER_IMPORT_VISIBILITY = YES;
				SWIFT_VERSION = 5.0;
				TARGETED_DEVICE_FAMILY = "1,2";
				TEST_TARGET_NAME = Dumpy;
			};
			name = Debug;
		};
		E18D16FC2F64071E00577D4D /* Release */ = {
			isa = XCBuildConfiguration;
			buildSettings = {
				CODE_SIGN_STYLE = Automatic;
				CURRENT_PROJECT_VERSION = 1;
				DEVELOPMENT_TEAM = 7LM8QL2H74;
				GENERATE_INFOPLIST_FILE = YES;
				MARKETING_VERSION = 1.0;
				PRODUCT_BUNDLE_IDENTIFIER = com.jian.DumpyUITests;
				PRODUCT_NAME = "$(TARGET_NAME)";
				STRING_CATALOG_GENERATE_SYMBOLS = NO;
				SWIFT_APPROACHABLE_CONCURRENCY = YES;
				SWIFT_EMIT_LOC_STRINGS = NO;
				SWIFT_UPCOMING_FEATURE_MEMBER_IMPORT_VISIBILITY = YES;
				SWIFT_VERSION = 5.0;
				TARGETED_DEVICE_FAMILY = "1,2";
				TEST_TARGET_NAME = Dumpy;
			};
			name = Release;
		};
/* End XCBuildConfiguration section */

/* Begin XCConfigurationList section */
		E18D16CE2F64071D00577D4D /* Build configuration list for PBXProject "Dumpy" */ = {
			isa = XCConfigurationList;
			buildConfigurations = (
				E18D16F22F64071E00577D4D /* Debug */,
				E18D16F32F64071E00577D4D /* Release */,
			);
			defaultConfigurationIsVisible = 0;
			defaultConfigurationName = Release;
		};
		E18D16F42F64071E00577D4D /* Build configuration list for PBXNativeTarget "Dumpy" */ = {
			isa = XCConfigurationList;
			buildConfigurations = (
				E18D16F52F64071E00577D4D /* Debug */,
				E18D16F62F64071E00577D4D /* Release */,
			);
			defaultConfigurationIsVisible = 0;
			defaultConfigurationName = Release;
		};
		E18D16F72F64071E00577D4D /* Build configuration list for PBXNativeTarget "DumpyTests" */ = {
			isa = XCConfigurationList;
			buildConfigurations = (
				E18D16F82F64071E00577D4D /* Debug */,
				E18D16F92F64071E00577D4D /* Release */,
			);
			defaultConfigurationIsVisible = 0;
			defaultConfigurationName = Release;
		};
		E18D16FA2F64071E00577D4D /* Build configuration list for PBXNativeTarget "DumpyUITests" */ = {
			isa = XCConfigurationList;
			buildConfigurations = (
				E18D16FB2F64071E00577D4D /* Debug */,
				E18D16FC2F64071E00577D4D /* Release */,
			);
			defaultConfigurationIsVisible = 0;
			defaultConfigurationName = Release;
		};
/* End XCConfigurationList section */
	};
	rootObject = E18D16CB2F64071D00577D4D /* Project object */;
}
